PODS:
  - Flutter (1.0.0)
  - integration_test (0.0.1):
    - Flutter
  - TapResearch (3.7.3)
  - tapresearch_flutter_plugin (3.7.2-rc0):
    - Flutter
    - TapResearch

DEPENDENCIES:
  - Flutter (from `Flutter`)
  - integration_test (from `.symlinks/plugins/integration_test/ios`)
  - tapresearch_flutter_plugin (from `.symlinks/plugins/tapresearch_flutter_plugin/ios`)

SPEC REPOS:
  trunk:
    - TapResearch

EXTERNAL SOURCES:
  Flutter:
    :path: Flutter
  integration_test:
    :path: ".symlinks/plugins/integration_test/ios"
  tapresearch_flutter_plugin:
    :path: ".symlinks/plugins/tapresearch_flutter_plugin/ios"

SPEC CHECKSUMS:
  Flutter: cabc95a1d2626b1b06e7179b784ebcf0c0cde467
  integration_test: 4a889634ef21a45d28d50d622cf412dc6d9f586e
  TapResearch: 521d190df4fcac29131e3cea8207c542ec026752
  tapresearch_flutter_plugin: 526b37d0bc40d4616b0cb8d6defa960fd338101a

PODFILE CHECKSUM: 3c63482e143d1b91d2d2560aee9fb04ecc74ac7e

COCOAPODS: 1.16.2
